
Microsoft Visual Studio Solution File, Format Version 12.00
# Visual Studio Version 16
VisualStudioVersion = 16.0.30114.105
MinimumVisualStudioVersion = 10.0.40219.1
Project("{FAE04EC0-301F-11D3-BF4B-00C04F79EFBC}") = "DemoRestApi", "DemoRestApi\DemoRestApi.csproj", "{EF6CBBAA-C42D-4A6D-9FB7-90EC1E0667DE}"
EndProject
Global
	GlobalSection(SolutionConfigurationPlatforms) = preSolution
		Debug|Any CPU = Debug|Any CPU
		Release|Any CPU = Release|Any CPU
	EndGlobalSection
	GlobalSection(ProjectConfigurationPlatforms) = postSolution
		{EF6CBBAA-C42D-4A6D-9FB7-90EC1E0667DE}.Debug|Any CPU.ActiveCfg = Debug|Any CPU
		{EF6CBBAA-C42D-4A6D-9FB7-90EC1E0667DE}.Debug|Any CPU.Build.0 = Debug|Any CPU
		{EF6CBBAA-C42D-4A6D-9FB7-90EC1E0667DE}.Release|Any CPU.ActiveCfg = Release|Any CPU
		{EF6CBBAA-C42D-4A6D-9FB7-90EC1E0667DE}.Release|Any CPU.Build.0 = Release|Any CPU
	EndGlobalSection
	GlobalSection(SolutionProperties) = preSolution
		HideSolutionNode = FALSE
	EndGlobalSection
	GlobalSection(ExtensibilityGlobals) = postSolution
		SolutionGuid = {770B0B3D-9845-4686-8BD6-2AA5173FD22A}
	EndGlobalSection
EndGlobal
